dependencies:
- name: common
  repository: file://../../common
  version: 1.0.0
- name: authorization
  repository: file://../../components/auth-server
  version: 1.0.0
- name: product
  repository: file://../../components/product
  version: 1.0.0
- name: recommendation
  repository: file://../../components/recommendation
  version: 1.0.0
- name: review
  repository: file://../../components/review
  version: 1.0.0
- name: product-composite
  repository: file://../../components/product-composite
  version: 1.0.0
- name: zipkin-server
  repository: file://../../components/zipkin-server
  version: 1.0.0
digest: sha256:f9d1e9aa147b7b1e07fb97ed68efac6d3b166ce03236ebeffcb81c176c038fb8
generated: "2023-11-26T18:23:10.0358926+07:00"
