dependencies:
- name: common
  repository: file://../../common
  version: 1.0.0
- name: configuration
  repository: file://../../components/configuration
  version: 1.0.0
- name: gateway
  repository: file://../../components/gateway
  version: 1.0.0
- name: authorization
  repository: file://../../components/authorization
  version: 1.0.0
- name: product
  repository: file://../../components/product
  version: 1.0.0
- name: recommendation
  repository: file://../../components/recommendation
  version: 1.0.0
- name: review
  repository: file://../../components/review
  version: 1.0.0
- name: product-composite
  repository: file://../../components/product-composite
  version: 1.0.0
- name: zipkin-server
  repository: file://../../components/zipkin-server
  version: 1.0.0
digest: sha256:a65760b8faf24b0dd67121cb2c5e63333c70f74ec88340ed8301f2d48bf65b82
generated: "2023-01-02T00:13:10.911025+07:00"
